
Microsoft Visual Studio Solution File, Format Version 12.00
# Visual Studio Version 17
VisualStudioVersion = 17.11.35327.3
MinimumVisualStudioVersion = 10.0.40219.1
Project("{9A19103F-16F7-4668-BE54-9A1E7A4F7556}") = "ScreenSound_2.0", "ScreenSound\ScreenSound_2.0.csproj", "{3DE4D6FB-A670-4D10-85FD-D0F0F00BFD8E}"
EndProject
Global
	GlobalSection(SolutionConfigurationPlatforms) = preSolution
		Debug|Any CPU = Debug|Any CPU
		Release|Any CPU = Release|Any CPU
	EndGlobalSection
	GlobalSection(ProjectConfigurationPlatforms) = postSolution
		{3DE4D6FB-A670-4D10-85FD-D0F0F00BFD8E}.Debug|Any CPU.ActiveCfg = Debug|Any CPU
		{3DE4D6FB-A670-4D10-85FD-D0F0F00BFD8E}.Debug|Any CPU.Build.0 = Debug|Any CPU
		{3DE4D6FB-A670-4D10-85FD-D0F0F00BFD8E}.Release|Any CPU.ActiveCfg = Release|Any CPU
		{3DE4D6FB-A670-4D10-85FD-D0F0F00BFD8E}.Release|Any CPU.Build.0 = Release|Any CPU
	EndGlobalSection
	GlobalSection(SolutionProperties) = preSolution
		HideSolutionNode = FALSE
	EndGlobalSection
	GlobalSection(ExtensibilityGlobals) = postSolution
		SolutionGuid = {BCF51BAE-BCC1-4B4C-9EB8-5DC6D31B7AA5}
	EndGlobalSection
EndGlobal
